
Microsoft Visual Studio Solution File, Format Version 12.00
# Visual Studio Version 17
VisualStudioVersion = 17.9.34622.214
MinimumVisualStudioVersion = 10.0.40219.1
Project("{FAE04EC0-301F-11D3-BF4B-00C04F79EFBC}") = "HomeWorkConsole1.", "..\HomeWorkConsole1\HomeWorkConsole1\HomeWorkConsole1..csproj", "{03983D62-5A25-42BB-A26C-3AE2F5ADDBC8}"
EndProject
Global
	GlobalSection(SolutionConfigurationPlatforms) = preSolution
		Debug|Any CPU = Debug|Any CPU
		Release|Any CPU = Release|Any CPU
	EndGlobalSection
	GlobalSection(ProjectConfigurationPlatforms) = postSolution
		{03983D62-5A25-42BB-A26C-3AE2F5ADDBC8}.Debug|Any CPU.ActiveCfg = Debug|Any CPU
		{03983D62-5A25-42BB-A26C-3AE2F5ADDBC8}.Debug|Any CPU.Build.0 = Debug|Any CPU
		{03983D62-5A25-42BB-A26C-3AE2F5ADDBC8}.Release|Any CPU.ActiveCfg = Release|Any CPU
		{03983D62-5A25-42BB-A26C-3AE2F5ADDBC8}.Release|Any CPU.Build.0 = Release|Any CPU
	EndGlobalSection
	GlobalSection(SolutionProperties) = preSolution
		HideSolutionNode = FALSE
	EndGlobalSection
	GlobalSection(ExtensibilityGlobals) = postSolution
		SolutionGuid = {B7F3FC8B-0787-4280-A94F-3FAD40961F67}
	EndGlobalSection
EndGlobal
